
Microsoft Visual Studio Solution File, Format Version 12.00
# Visual Studio 15
VisualStudioVersion = 15.0.26730.10
MinimumVisualStudioVersion = 10.0.40219.1
Project("{FAE04EC0-301F-11D3-BF4B-00C04F79EFBC}") = "ABM_Personas", "ABM_Personas\ABM_Personas.csproj", "{4CDB60A1-437B-41BC-861C-F0D20F1D133B}"
EndProject
Project("{FAE04EC0-301F-11D3-BF4B-00C04F79EFBC}") = "CAD_Personas", "CAD_Personas\CAD_Personas.csproj", "{13675EA9-1CB7-4A75-8E3E-789E905D1497}"
EndProject
Project("{FAE04EC0-301F-11D3-BF4B-00C04F79EFBC}") = "CL_Personas", "CL_Personas\CL_Personas.csproj", "{711503D3-6B95-4F39-8F4E-E8AA463B0EEE}"
EndProject
Global
	GlobalSection(SolutionConfigurationPlatforms) = preSolution
		Debug|Any CPU = Debug|Any CPU
		Release|Any CPU = Release|Any CPU
	EndGlobalSection
	GlobalSection(ProjectConfigurationPlatforms) = postSolution
		{4CDB60A1-437B-41BC-861C-F0D20F1D133B}.Debug|Any CPU.ActiveCfg = Debug|Any CPU
		{4CDB60A1-437B-41BC-861C-F0D20F1D133B}.Debug|Any CPU.Build.0 = Debug|Any CPU
		{4CDB60A1-437B-41BC-861C-F0D20F1D133B}.Release|Any CPU.ActiveCfg = Release|Any CPU
		{4CDB60A1-437B-41BC-861C-F0D20F1D133B}.Release|Any CPU.Build.0 = Release|Any CPU
		{13675EA9-1CB7-4A75-8E3E-789E905D1497}.Debug|Any CPU.ActiveCfg = Debug|Any CPU
		{13675EA9-1CB7-4A75-8E3E-789E905D1497}.Debug|Any CPU.Build.0 = Debug|Any CPU
		{13675EA9-1CB7-4A75-8E3E-789E905D1497}.Release|Any CPU.ActiveCfg = Release|Any CPU
		{13675EA9-1CB7-4A75-8E3E-789E905D1497}.Release|Any CPU.Build.0 = Release|Any CPU
		{711503D3-6B95-4F39-8F4E-E8AA463B0EEE}.Debug|Any CPU.ActiveCfg = Debug|Any CPU
		{711503D3-6B95-4F39-8F4E-E8AA463B0EEE}.Debug|Any CPU.Build.0 = Debug|Any CPU
		{711503D3-6B95-4F39-8F4E-E8AA463B0EEE}.Release|Any CPU.ActiveCfg = Release|Any CPU
		{711503D3-6B95-4F39-8F4E-E8AA463B0EEE}.Release|Any CPU.Build.0 = Release|Any CPU
	EndGlobalSection
	GlobalSection(SolutionProperties) = preSolution
		HideSolutionNode = FALSE
	EndGlobalSection
	GlobalSection(ExtensibilityGlobals) = postSolution
		SolutionGuid = {A02925D6-3875-4525-B942-E107CF9762A4}
	EndGlobalSection
EndGlobal
